
Microsoft Visual Studio Solution File, Format Version 12.00
# Visual Studio Version 18
VisualStudioVersion = 18.5.11723.231 stable
MinimumVisualStudioVersion = 10.0.40219.1
Project("{FAE04EC0-301F-11D3-BF4B-00C04F79EFBC}") = "School二手Platform", "School二手Platform.csproj", "{94642AB3-3384-76D9-F50C-00FFA9A7847D}"
EndProject
Global
	GlobalSection(SolutionConfigurationPlatforms) = preSolution
		Debug|Any CPU = Debug|Any CPU
		Release|Any CPU = Release|Any CPU
	EndGlobalSection
	GlobalSection(ProjectConfigurationPlatforms) = postSolution
		{94642AB3-3384-76D9-F50C-00FFA9A7847D}.Debug|Any CPU.ActiveCfg = Debug|Any CPU
		{94642AB3-3384-76D9-F50C-00FFA9A7847D}.Debug|Any CPU.Build.0 = Debug|Any CPU
		{94642AB3-3384-76D9-F50C-00FFA9A7847D}.Release|Any CPU.ActiveCfg = Release|Any CPU
		{94642AB3-3384-76D9-F50C-00FFA9A7847D}.Release|Any CPU.Build.0 = Release|Any CPU
	EndGlobalSection
	GlobalSection(SolutionProperties) = preSolution
		HideSolutionNode = FALSE
	EndGlobalSection
	GlobalSection(ExtensibilityGlobals) = postSolution
		SolutionGuid = {D6F8AED8-2E42-46B5-B80C-850AA286B850}
	EndGlobalSection
EndGlobal
